
Microsoft Visual Studio Solution File, Format Version 12.00
Project("{2150E333-8FDC-42A3-9474-1A3956D46DE8}") = "UserService", "UserService", "{804F6DF9-D362-48F8-AF33-4C28C12F1BE4}"
EndProject
Project("{FAE04EC0-301F-11D3-BF4B-00C04F79EFBC}") = "UserService.WebApi", "UserService.WebApi\UserService.WebApi.csproj", "{80D3A6A6-2CC9-457A-A79C-CBC8D5BF060D}"
EndProject
Project("{FAE04EC0-301F-11D3-BF4B-00C04F79EFBC}") = "UserService.Application", "UserService.Application\UserService.Application.csproj", "{BC70E0F3-5918-4ED8-BF0B-C09278728588}"
EndProject
Project("{FAE04EC0-301F-11D3-BF4B-00C04F79EFBC}") = "UserService.Domain", "UserService.Domain\UserService.Domain.csproj", "{3A8B685E-42E6-490D-AC9A-418D26F2119A}"
EndProject
Project("{FAE04EC0-301F-11D3-BF4B-00C04F79EFBC}") = "UserService.Persistence", "UserService.Persistence\UserService.Persistence.csproj", "{A2DF1D99-B021-4788-ADBA-DBEEE98D208D}"
EndProject
Project("{2150E333-8FDC-42A3-9474-1A3956D46DE8}") = "MessagingService", "MessagingService", "{7BDB06F2-86D3-40A4-971E-978BD17B818D}"
EndProject
Global
	GlobalSection(SolutionConfigurationPlatforms) = preSolution
		Debug|Any CPU = Debug|Any CPU
		Release|Any CPU = Release|Any CPU
	EndGlobalSection
	GlobalSection(NestedProjects) = preSolution
		{80D3A6A6-2CC9-457A-A79C-CBC8D5BF060D} = {804F6DF9-D362-48F8-AF33-4C28C12F1BE4}
		{BC70E0F3-5918-4ED8-BF0B-C09278728588} = {804F6DF9-D362-48F8-AF33-4C28C12F1BE4}
		{3A8B685E-42E6-490D-AC9A-418D26F2119A} = {804F6DF9-D362-48F8-AF33-4C28C12F1BE4}
		{A2DF1D99-B021-4788-ADBA-DBEEE98D208D} = {804F6DF9-D362-48F8-AF33-4C28C12F1BE4}
	EndGlobalSection
	GlobalSection(ProjectConfigurationPlatforms) = postSolution
		{80D3A6A6-2CC9-457A-A79C-CBC8D5BF060D}.Debug|Any CPU.ActiveCfg = Debug|Any CPU
		{80D3A6A6-2CC9-457A-A79C-CBC8D5BF060D}.Debug|Any CPU.Build.0 = Debug|Any CPU
		{80D3A6A6-2CC9-457A-A79C-CBC8D5BF060D}.Release|Any CPU.ActiveCfg = Release|Any CPU
		{80D3A6A6-2CC9-457A-A79C-CBC8D5BF060D}.Release|Any CPU.Build.0 = Release|Any CPU
		{BC70E0F3-5918-4ED8-BF0B-C09278728588}.Debug|Any CPU.ActiveCfg = Debug|Any CPU
		{BC70E0F3-5918-4ED8-BF0B-C09278728588}.Debug|Any CPU.Build.0 = Debug|Any CPU
		{BC70E0F3-5918-4ED8-BF0B-C09278728588}.Release|Any CPU.ActiveCfg = Release|Any CPU
		{BC70E0F3-5918-4ED8-BF0B-C09278728588}.Release|Any CPU.Build.0 = Release|Any CPU
		{3A8B685E-42E6-490D-AC9A-418D26F2119A}.Debug|Any CPU.ActiveCfg = Debug|Any CPU
		{3A8B685E-42E6-490D-AC9A-418D26F2119A}.Debug|Any CPU.Build.0 = Debug|Any CPU
		{3A8B685E-42E6-490D-AC9A-418D26F2119A}.Release|Any CPU.ActiveCfg = Release|Any CPU
		{3A8B685E-42E6-490D-AC9A-418D26F2119A}.Release|Any CPU.Build.0 = Release|Any CPU
		{A2DF1D99-B021-4788-ADBA-DBEEE98D208D}.Debug|Any CPU.ActiveCfg = Debug|Any CPU
		{A2DF1D99-B021-4788-ADBA-DBEEE98D208D}.Debug|Any CPU.Build.0 = Debug|Any CPU
		{A2DF1D99-B021-4788-ADBA-DBEEE98D208D}.Release|Any CPU.ActiveCfg = Release|Any CPU
		{A2DF1D99-B021-4788-ADBA-DBEEE98D208D}.Release|Any CPU.Build.0 = Release|Any CPU
	EndGlobalSection
EndGlobal
